<?xml version="1.0" encoding="utf-8"?>
<Project ToolsVersion="4.0" xmlns="http://schemas.microsoft.com/developer/msbuild/2003">
  <ItemGroup>
    <Filter Include="Source Files">
      <UniqueIdentifier>{542E6E90-9095-4444-87C0-72A6BF9DA942}</UniqueIdentifier>
    </Filter>
    <Filter Include="Header Files">
      <UniqueIdentifier>{D365DE07-C333-43B5-A64A-D9DDF7DC9638}</UniqueIdentifier>
    </Filter>
    <Filter Include="Production">
      <UniqueIdentifier>{734A42CE-5549-453F-B427-6B84BD73059C}</UniqueIdentifier>
    </Filter>
  </ItemGroup>
  <ItemGroup>
    <ClInclude Include="test_framework.hpp">
      <Filter>Header Files</Filter>
    </ClInclude>
    <ClInclude Include="test_groups.hpp">
      <Filter>Header Files</Filter>
    </ClInclude>
  </ItemGroup>
  <ItemGroup>
    <ClCompile Include="config_tests.cpp">
      <Filter>Source Files</Filter>
    </ClCompile>
    <ClCompile Include="core_logic_tests.cpp">
      <Filter>Source Files</Filter>
    </ClCompile>
    <ClCompile Include="layout_cache_tests.cpp">
      <Filter>Source Files</Filter>
    </ClCompile>
    <ClCompile Include="test_main.cpp">
      <Filter>Source Files</Filter>
    </ClCompile>
    <ClCompile Include="..\WinMouseSensConverter\ui_view.cpp">
      <Filter>Production</Filter>
    </ClCompile>
  </ItemGroup>
  <ItemGroup>
    <None Include="run_tests.ps1" />
  </ItemGroup>
</Project>
